
Microsoft Visual Studio Solution File, Format Version 12.00
# Visual Studio 2015
Project("{FAE04EC0-301F-11D3-BF4B-00C04F79EFBC}") = "Bouring", "Bouring.csproj", "{7797FBAE-52B3-4A2E-D9ED-A9780FDAC6C6}"
EndProject
Project("{FAE04EC0-301F-11D3-BF4B-00C04F79EFBC}") = "Bouring.Editor.Plugins", "Bouring.Editor.Plugins.csproj", "{123884DD-DC3B-A4EC-F5B8-045FE43E5101}"
EndProject
Global
	GlobalSection(SolutionConfigurationPlatforms) = preSolution
		Debug|Any CPU = Debug|Any CPU
		Release|Any CPU = Release|Any CPU
	EndGlobalSection
	GlobalSection(ProjectConfigurationPlatforms) = postSolution
		{7797FBAE-52B3-4A2E-D9ED-A9780FDAC6C6}.Debug|Any CPU.ActiveCfg = Debug|Any CPU
		{7797FBAE-52B3-4A2E-D9ED-A9780FDAC6C6}.Debug|Any CPU.Build.0 = Debug|Any CPU
		{7797FBAE-52B3-4A2E-D9ED-A9780FDAC6C6}.Release|Any CPU.ActiveCfg = Release|Any CPU
		{7797FBAE-52B3-4A2E-D9ED-A9780FDAC6C6}.Release|Any CPU.Build.0 = Release|Any CPU
		{123884DD-DC3B-A4EC-F5B8-045FE43E5101}.Debug|Any CPU.ActiveCfg = Debug|Any CPU
		{123884DD-DC3B-A4EC-F5B8-045FE43E5101}.Debug|Any CPU.Build.0 = Debug|Any CPU
		{123884DD-DC3B-A4EC-F5B8-045FE43E5101}.Release|Any CPU.ActiveCfg = Release|Any CPU
		{123884DD-DC3B-A4EC-F5B8-045FE43E5101}.Release|Any CPU.Build.0 = Release|Any CPU
	EndGlobalSection
	GlobalSection(SolutionProperties) = preSolution
		HideSolutionNode = FALSE
	EndGlobalSection
EndGlobal
